
Microsoft Visual Studio Solution File, Format Version 12.00
# Visual Studio Version 18
VisualStudioVersion = 18.8.12023.21
MinimumVisualStudioVersion = 10.0.40219.1
Project("{FAE04EC0-301F-11D3-BF4B-00C04F79EFBC}") = "KTexturePacker.Core", "KTexturePacker.Core\KTexturePacker.Core.csproj", "{13CEFA03-D402-4FFF-A63E-ECC9676A9558}"
EndProject
Project("{FAE04EC0-301F-11D3-BF4B-00C04F79EFBC}") = "KTexturePacker.Web", "KTexturePacker.Web\KTexturePacker.Web.csproj", "{8636D630-00A1-4CBC-9EA9-6C6D7EC2076A}"
EndProject
Project("{FAE04EC0-301F-11D3-BF4B-00C04F79EFBC}") = "KTexturePacker.MonoGame", "KTexturePacker.MonoGame\KTexturePacker.MonoGame.csproj", "{2DE0A8E9-BC7E-CE5C-561A-ADFA9FBF4BB1}"
EndProject
Project("{FAE04EC0-301F-11D3-BF4B-00C04F79EFBC}") = "KTexturePacker.Parser", "KTexturePacker.Parser\KTexturePacker.Parser.csproj", "{1204764B-EE7E-F235-5029-5511BBC60135}"
EndProject
Project("{FAE04EC0-301F-11D3-BF4B-00C04F79EFBC}") = "KTexturePacker.PixiJS", "KTexturePacker.PixiJS\KTexturePacker.PixiJS.csproj", "{E7FCA822-C0E2-4D1D-6066-BE58A4CD7FBC}"
EndProject
Global
	GlobalSection(SolutionConfigurationPlatforms) = preSolution
		Debug|Any CPU = Debug|Any CPU
		Debug|x64 = Debug|x64
		Debug|x86 = Debug|x86
		Release|Any CPU = Release|Any CPU
		Release|x64 = Release|x64
		Release|x86 = Release|x86
	EndGlobalSection
	GlobalSection(ProjectConfigurationPlatforms) = postSolution
		{13CEFA03-D402-4FFF-A63E-ECC9676A9558}.Debug|Any CPU.ActiveCfg = Debug|Any CPU
		{13CEFA03-D402-4FFF-A63E-ECC9676A9558}.Debug|Any CPU.Build.0 = Debug|Any CPU
		{13CEFA03-D402-4FFF-A63E-ECC9676A9558}.Debug|x64.ActiveCfg = Debug|Any CPU
		{13CEFA03-D402-4FFF-A63E-ECC9676A9558}.Debug|x64.Build.0 = Debug|Any CPU
		{13CEFA03-D402-4FFF-A63E-ECC9676A9558}.Debug|x86.ActiveCfg = Debug|Any CPU
		{13CEFA03-D402-4FFF-A63E-ECC9676A9558}.Debug|x86.Build.0 = Debug|Any CPU
		{13CEFA03-D402-4FFF-A63E-ECC9676A9558}.Release|Any CPU.ActiveCfg = Release|Any CPU
		{13CEFA03-D402-4FFF-A63E-ECC9676A9558}.Release|Any CPU.Build.0 = Release|Any CPU
		{13CEFA03-D402-4FFF-A63E-ECC9676A9558}.Release|x64.ActiveCfg = Release|Any CPU
		{13CEFA03-D402-4FFF-A63E-ECC9676A9558}.Release|x64.Build.0 = Release|Any CPU
		{13CEFA03-D402-4FFF-A63E-ECC9676A9558}.Release|x86.ActiveCfg = Release|Any CPU
		{13CEFA03-D402-4FFF-A63E-ECC9676A9558}.Release|x86.Build.0 = Release|Any CPU
		{8636D630-00A1-4CBC-9EA9-6C6D7EC2076A}.Debug|Any CPU.ActiveCfg = Debug|Any CPU
		{8636D630-00A1-4CBC-9EA9-6C6D7EC2076A}.Debug|Any CPU.Build.0 = Debug|Any CPU
		{8636D630-00A1-4CBC-9EA9-6C6D7EC2076A}.Debug|x64.ActiveCfg = Debug|Any CPU
		{8636D630-00A1-4CBC-9EA9-6C6D7EC2076A}.Debug|x64.Build.0 = Debug|Any CPU
		{8636D630-00A1-4CBC-9EA9-6C6D7EC2076A}.Debug|x86.ActiveCfg = Debug|Any CPU
		{8636D630-00A1-4CBC-9EA9-6C6D7EC2076A}.Debug|x86.Build.0 = Debug|Any CPU
		{8636D630-00A1-4CBC-9EA9-6C6D7EC2076A}.Release|Any CPU.ActiveCfg = Release|Any CPU
		{8636D630-00A1-4CBC-9EA9-6C6D7EC2076A}.Release|Any CPU.Build.0 = Release|Any CPU
		{8636D630-00A1-4CBC-9EA9-6C6D7EC2076A}.Release|x64.ActiveCfg = Release|Any CPU
		{8636D630-00A1-4CBC-9EA9-6C6D7EC2076A}.Release|x64.Build.0 = Release|Any CPU
		{8636D630-00A1-4CBC-9EA9-6C6D7EC2076A}.Release|x86.ActiveCfg = Release|Any CPU
		{8636D630-00A1-4CBC-9EA9-6C6D7EC2076A}.Release|x86.Build.0 = Release|Any CPU
		{2DE0A8E9-BC7E-CE5C-561A-ADFA9FBF4BB1}.Debug|Any CPU.ActiveCfg = Debug|Any CPU
		{2DE0A8E9-BC7E-CE5C-561A-ADFA9FBF4BB1}.Debug|Any CPU.Build.0 = Debug|Any CPU
		{2DE0A8E9-BC7E-CE5C-561A-ADFA9FBF4BB1}.Debug|x64.ActiveCfg = Debug|Any CPU
		{2DE0A8E9-BC7E-CE5C-561A-ADFA9FBF4BB1}.Debug|x64.Build.0 = Debug|Any CPU
		{2DE0A8E9-BC7E-CE5C-561A-ADFA9FBF4BB1}.Debug|x86.ActiveCfg = Debug|Any CPU
		{2DE0A8E9-BC7E-CE5C-561A-ADFA9FBF4BB1}.Debug|x86.Build.0 = Debug|Any CPU
		{2DE0A8E9-BC7E-CE5C-561A-ADFA9FBF4BB1}.Release|Any CPU.ActiveCfg = Release|Any CPU
		{2DE0A8E9-BC7E-CE5C-561A-ADFA9FBF4BB1}.Release|Any CPU.Build.0 = Release|Any CPU
		{2DE0A8E9-BC7E-CE5C-561A-ADFA9FBF4BB1}.Release|x64.ActiveCfg = Release|Any CPU
		{2DE0A8E9-BC7E-CE5C-561A-ADFA9FBF4BB1}.Release|x64.Build.0 = Release|Any CPU
		{2DE0A8E9-BC7E-CE5C-561A-ADFA9FBF4BB1}.Release|x86.ActiveCfg = Release|Any CPU
		{2DE0A8E9-BC7E-CE5C-561A-ADFA9FBF4BB1}.Release|x86.Build.0 = Release|Any CPU
		{1204764B-EE7E-F235-5029-5511BBC60135}.Debug|Any CPU.ActiveCfg = Debug|Any CPU
		{1204764B-EE7E-F235-5029-5511BBC60135}.Debug|Any CPU.Build.0 = Debug|Any CPU
		{1204764B-EE7E-F235-5029-5511BBC60135}.Debug|x64.ActiveCfg = Debug|Any CPU
		{1204764B-EE7E-F235-5029-5511BBC60135}.Debug|x64.Build.0 = Debug|Any CPU
		{1204764B-EE7E-F235-5029-5511BBC60135}.Debug|x86.ActiveCfg = Debug|Any CPU
		{1204764B-EE7E-F235-5029-5511BBC60135}.Debug|x86.Build.0 = Debug|Any CPU
		{1204764B-EE7E-F235-5029-5511BBC60135}.Release|Any CPU.ActiveCfg = Release|Any CPU
		{1204764B-EE7E-F235-5029-5511BBC60135}.Release|Any CPU.Build.0 = Release|Any CPU
		{1204764B-EE7E-F235-5029-5511BBC60135}.Release|x64.ActiveCfg = Release|Any CPU
		{1204764B-EE7E-F235-5029-5511BBC60135}.Release|x64.Build.0 = Release|Any CPU
		{1204764B-EE7E-F235-5029-5511BBC60135}.Release|x86.ActiveCfg = Release|Any CPU
		{1204764B-EE7E-F235-5029-5511BBC60135}.Release|x86.Build.0 = Release|Any CPU
		{E7FCA822-C0E2-4D1D-6066-BE58A4CD7FBC}.Debug|Any CPU.ActiveCfg = Debug|Any CPU
		{E7FCA822-C0E2-4D1D-6066-BE58A4CD7FBC}.Debug|Any CPU.Build.0 = Debug|Any CPU
		{E7FCA822-C0E2-4D1D-6066-BE58A4CD7FBC}.Debug|x64.ActiveCfg = Debug|Any CPU
		{E7FCA822-C0E2-4D1D-6066-BE58A4CD7FBC}.Debug|x64.Build.0 = Debug|Any CPU
		{E7FCA822-C0E2-4D1D-6066-BE58A4CD7FBC}.Debug|x86.ActiveCfg = Debug|Any CPU
		{E7FCA822-C0E2-4D1D-6066-BE58A4CD7FBC}.Debug|x86.Build.0 = Debug|Any CPU
		{E7FCA822-C0E2-4D1D-6066-BE58A4CD7FBC}.Release|Any CPU.ActiveCfg = Release|Any CPU
		{E7FCA822-C0E2-4D1D-6066-BE58A4CD7FBC}.Release|Any CPU.Build.0 = Release|Any CPU
		{E7FCA822-C0E2-4D1D-6066-BE58A4CD7FBC}.Release|x64.ActiveCfg = Release|Any CPU
		{E7FCA822-C0E2-4D1D-6066-BE58A4CD7FBC}.Release|x64.Build.0 = Release|Any CPU
		{E7FCA822-C0E2-4D1D-6066-BE58A4CD7FBC}.Release|x86.ActiveCfg = Release|Any CPU
		{E7FCA822-C0E2-4D1D-6066-BE58A4CD7FBC}.Release|x86.Build.0 = Release|Any CPU
	EndGlobalSection
	GlobalSection(SolutionProperties) = preSolution
		HideSolutionNode = FALSE
	EndGlobalSection
	GlobalSection(ExtensibilityGlobals) = postSolution
		SolutionGuid = {48E4636F-8326-4F06-AB20-83B450942AF2}
	EndGlobalSection
EndGlobal
